
Microsoft Visual Studio Solution File, Format Version 12.00
Project("{FAE04EC0-301F-11D3-BF4B-00C04F79EFBC}") = "Api", "Api\Api.csproj", "{360480DE-240A-4146-879A-77F616B69578}"
EndProject
Project("{FAE04EC0-301F-11D3-BF4B-00C04F79EFBC}") = "Data.Models", "Data.Models\Data.Models.csproj", "{219D2F43-0591-4140-8066-F70E1EBFF368}"
EndProject
Project("{FAE04EC0-301F-11D3-BF4B-00C04F79EFBC}") = "Data.Abstraction", "Data.Abstraction\Data.Abstraction.csproj", "{AE720A23-438A-4D44-B220-F2BB494FBD6B}"
EndProject
Project("{FAE04EC0-301F-11D3-BF4B-00C04F79EFBC}") = "Business.Abstraction", "Business.Abstraction\Business.Abstraction.csproj", "{88C4E6E7-EA2E-4893-B0E3-5FC282F9A0E4}"
EndProject
Project("{FAE04EC0-301F-11D3-BF4B-00C04F79EFBC}") = "Business", "Business\Business.csproj", "{F5ECD414-BBA8-4202-9578-10EAA95C44A3}"
EndProject
Project("{FAE04EC0-301F-11D3-BF4B-00C04F79EFBC}") = "Business.Models", "Business.Models\Business.Models.csproj", "{48895356-14D9-4394-8B35-6A6FE34583DF}"
EndProject
Project("{FAE04EC0-301F-11D3-BF4B-00C04F79EFBC}") = "Data", "Data\Data.csproj", "{F39427C7-B16C-4CE8-85B3-12F97F2570CE}"
EndProject
Project("{FAE04EC0-301F-11D3-BF4B-00C04F79EFBC}") = "Models", "Models\Models.csproj", "{118E00A1-F87F-4BD9-A249-461D54F30DE3}"
EndProject
Project("{FAE04EC0-301F-11D3-BF4B-00C04F79EFBC}") = "Shared", "Shared\Shared.csproj", "{2AB0C2C4-0AE5-4F17-A51B-D5824D18923B}"
EndProject
Global
	GlobalSection(SolutionConfigurationPlatforms) = preSolution
		Debug|Any CPU = Debug|Any CPU
		Release|Any CPU = Release|Any CPU
	EndGlobalSection
	GlobalSection(ProjectConfigurationPlatforms) = postSolution
		{360480DE-240A-4146-879A-77F616B69578}.Debug|Any CPU.ActiveCfg = Debug|Any CPU
		{360480DE-240A-4146-879A-77F616B69578}.Debug|Any CPU.Build.0 = Debug|Any CPU
		{360480DE-240A-4146-879A-77F616B69578}.Release|Any CPU.ActiveCfg = Release|Any CPU
		{360480DE-240A-4146-879A-77F616B69578}.Release|Any CPU.Build.0 = Release|Any CPU
		{219D2F43-0591-4140-8066-F70E1EBFF368}.Debug|Any CPU.ActiveCfg = Debug|Any CPU
		{219D2F43-0591-4140-8066-F70E1EBFF368}.Debug|Any CPU.Build.0 = Debug|Any CPU
		{219D2F43-0591-4140-8066-F70E1EBFF368}.Release|Any CPU.ActiveCfg = Release|Any CPU
		{219D2F43-0591-4140-8066-F70E1EBFF368}.Release|Any CPU.Build.0 = Release|Any CPU
		{AE720A23-438A-4D44-B220-F2BB494FBD6B}.Debug|Any CPU.ActiveCfg = Debug|Any CPU
		{AE720A23-438A-4D44-B220-F2BB494FBD6B}.Debug|Any CPU.Build.0 = Debug|Any CPU
		{AE720A23-438A-4D44-B220-F2BB494FBD6B}.Release|Any CPU.ActiveCfg = Release|Any CPU
		{AE720A23-438A-4D44-B220-F2BB494FBD6B}.Release|Any CPU.Build.0 = Release|Any CPU
		{88C4E6E7-EA2E-4893-B0E3-5FC282F9A0E4}.Debug|Any CPU.ActiveCfg = Debug|Any CPU
		{88C4E6E7-EA2E-4893-B0E3-5FC282F9A0E4}.Debug|Any CPU.Build.0 = Debug|Any CPU
		{88C4E6E7-EA2E-4893-B0E3-5FC282F9A0E4}.Release|Any CPU.ActiveCfg = Release|Any CPU
		{88C4E6E7-EA2E-4893-B0E3-5FC282F9A0E4}.Release|Any CPU.Build.0 = Release|Any CPU
		{F5ECD414-BBA8-4202-9578-10EAA95C44A3}.Debug|Any CPU.ActiveCfg = Debug|Any CPU
		{F5ECD414-BBA8-4202-9578-10EAA95C44A3}.Debug|Any CPU.Build.0 = Debug|Any CPU
		{F5ECD414-BBA8-4202-9578-10EAA95C44A3}.Release|Any CPU.ActiveCfg = Release|Any CPU
		{F5ECD414-BBA8-4202-9578-10EAA95C44A3}.Release|Any CPU.Build.0 = Release|Any CPU
		{48895356-14D9-4394-8B35-6A6FE34583DF}.Debug|Any CPU.ActiveCfg = Debug|Any CPU
		{48895356-14D9-4394-8B35-6A6FE34583DF}.Debug|Any CPU.Build.0 = Debug|Any CPU
		{48895356-14D9-4394-8B35-6A6FE34583DF}.Release|Any CPU.ActiveCfg = Release|Any CPU
		{48895356-14D9-4394-8B35-6A6FE34583DF}.Release|Any CPU.Build.0 = Release|Any CPU
		{F39427C7-B16C-4CE8-85B3-12F97F2570CE}.Debug|Any CPU.ActiveCfg = Debug|Any CPU
		{F39427C7-B16C-4CE8-85B3-12F97F2570CE}.Debug|Any CPU.Build.0 = Debug|Any CPU
		{F39427C7-B16C-4CE8-85B3-12F97F2570CE}.Release|Any CPU.ActiveCfg = Release|Any CPU
		{F39427C7-B16C-4CE8-85B3-12F97F2570CE}.Release|Any CPU.Build.0 = Release|Any CPU
		{118E00A1-F87F-4BD9-A249-461D54F30DE3}.Debug|Any CPU.ActiveCfg = Debug|Any CPU
		{118E00A1-F87F-4BD9-A249-461D54F30DE3}.Debug|Any CPU.Build.0 = Debug|Any CPU
		{118E00A1-F87F-4BD9-A249-461D54F30DE3}.Release|Any CPU.ActiveCfg = Release|Any CPU
		{118E00A1-F87F-4BD9-A249-461D54F30DE3}.Release|Any CPU.Build.0 = Release|Any CPU
		{2AB0C2C4-0AE5-4F17-A51B-D5824D18923B}.Debug|Any CPU.ActiveCfg = Debug|Any CPU
		{2AB0C2C4-0AE5-4F17-A51B-D5824D18923B}.Debug|Any CPU.Build.0 = Debug|Any CPU
		{2AB0C2C4-0AE5-4F17-A51B-D5824D18923B}.Release|Any CPU.ActiveCfg = Release|Any CPU
		{2AB0C2C4-0AE5-4F17-A51B-D5824D18923B}.Release|Any CPU.Build.0 = Release|Any CPU
	EndGlobalSection
EndGlobal
